
Microsoft Visual Studio Solution File, Format Version 12.00
# Visual Studio 15
VisualStudioVersion = 15.0.27130.2036
MinimumVisualStudioVersion = 10.0.40219.1
Project("{8BC9CEB8-8B4A-11D0-8D11-00A0C91BC942}") = "CPPTest", "CPPTest\CPPTest.vcxproj", "{86D8EA87-C23A-4E28-8F2D-24B14EE53326}"
EndProject
Project("{2150E333-8FDC-42A3-9474-1A3956D46DE8}") = "Solution Items", "Solution Items", "{9BA5F4B3-2AEF-41E3-A843-B5E58B232949}"
	ProjectSection(SolutionItems) = preProject
		CPPTest\test.txt = CPPTest\test.txt
		CPPTest\TRAIN = CPPTest\TRAIN
	EndProjectSection
EndProject
Global
	GlobalSection(SolutionConfigurationPlatforms) = preSolution
		Debug|x64 = Debug|x64
		Debug|x86 = Debug|x86
		Release|x64 = Release|x64
		Release|x86 = Release|x86
	EndGlobalSection
	GlobalSection(ProjectConfigurationPlatforms) = postSolution
		{86D8EA87-C23A-4E28-8F2D-24B14EE53326}.Debug|x64.ActiveCfg = Debug|x64
		{86D8EA87-C23A-4E28-8F2D-24B14EE53326}.Debug|x64.Build.0 = Debug|x64
		{86D8EA87-C23A-4E28-8F2D-24B14EE53326}.Debug|x86.ActiveCfg = Debug|Win32
		{86D8EA87-C23A-4E28-8F2D-24B14EE53326}.Debug|x86.Build.0 = Debug|Win32
		{86D8EA87-C23A-4E28-8F2D-24B14EE53326}.Release|x64.ActiveCfg = Release|x64
		{86D8EA87-C23A-4E28-8F2D-24B14EE53326}.Release|x64.Build.0 = Release|x64
		{86D8EA87-C23A-4E28-8F2D-24B14EE53326}.Release|x86.ActiveCfg = Release|Win32
		{86D8EA87-C23A-4E28-8F2D-24B14EE53326}.Release|x86.Build.0 = Release|Win32
	EndGlobalSection
	GlobalSection(SolutionProperties) = preSolution
		HideSolutionNode = FALSE
	EndGlobalSection
	GlobalSection(ExtensibilityGlobals) = postSolution
		SolutionGuid = {C39244D5-2215-4ED7-BEB5-522C236E9B5F}
	EndGlobalSection
EndGlobal
